# This file was autogenerated by Stack.
# You should not edit this file by hand.
# For more information, please see the documentation at:
#   https://docs.haskellstack.org/en/stable/lock_files

packages:
- completed:
    hackage: AesonBson-0.4.1@sha256:30a4ecb39e8da94dc1e1e8945eb0d4e33a833ae4342841b3c87c56b5918a90a1,1398
    pantry-tree:
      sha256: 10c7444de357f7fc1473542d8b3307811420889be32d5a2033d0dbc2d32a375d
      size: 378
  original:
    hackage: AesonBson-0.4.1
- completed:
    commit: 35ee53abed98732eab3f69a67e029674b942a38b
    git: https://github.com/mongodb-haskell/mongodb.git
    name: mongoDB
    pantry-tree:
      sha256: bf92a447a116e56b85fe3b6931563c7400e14651bd90838e649fa6f4995d87f9
      size: 2297
    version: 2.7.1.2
  original:
    commit: 35ee53abed98732eab3f69a67e029674b942a38b
    git: https://github.com/mongodb-haskell/mongodb.git
snapshots:
- completed:
    sha256: 1867d84255dff8c87373f5dd03e5a5cb1c10a99587e26c8793e750c54e83ffdc
    size: 639139
    url: https://raw.githubusercontent.com/commercialhaskell/stackage-snapshots/master/lts/21/0.yaml
  original:
    url: https://raw.githubusercontent.com/commercialhaskell/stackage-snapshots/master/lts/21/0.yaml
